
Microsoft Visual Studio Solution File, Format Version 12.00
# Visual Studio Version 16
VisualStudioVersion = 16.0.29411.108
MinimumVisualStudioVersion = 10.0.40219.1
Project("{FAE04EC0-301F-11D3-BF4B-00C04F79EFBC}") = "app", "app\app.csproj", "{9EC88AA4-0271-4C59-B5E9-AF0C3AA85AD9}"
EndProject
Global
	GlobalSection(SolutionConfigurationPlatforms) = preSolution
		Debug|Any CPU = Debug|Any CPU
		Release|Any CPU = Release|Any CPU
	EndGlobalSection
	GlobalSection(ProjectConfigurationPlatforms) = postSolution
		{9EC88AA4-0271-4C59-B5E9-AF0C3AA85AD9}.Debug|Any CPU.ActiveCfg = Debug|Any CPU
		{9EC88AA4-0271-4C59-B5E9-AF0C3AA85AD9}.Debug|Any CPU.Build.0 = Debug|Any CPU
		{9EC88AA4-0271-4C59-B5E9-AF0C3AA85AD9}.Release|Any CPU.ActiveCfg = Release|Any CPU
		{9EC88AA4-0271-4C59-B5E9-AF0C3AA85AD9}.Release|Any CPU.Build.0 = Release|Any CPU
	EndGlobalSection
	GlobalSection(SolutionProperties) = preSolution
		HideSolutionNode = FALSE
	EndGlobalSection
	GlobalSection(ExtensibilityGlobals) = postSolution
		SolutionGuid = {EDCF9ADB-DCF6-4810-9D72-23962B1D2E4E}
	EndGlobalSection
EndGlobal
